
Microsoft Visual Studio Solution File, Format Version 12.00
# Visual Studio Version 17
VisualStudioVersion = 17.6.33723.286
MinimumVisualStudioVersion = 10.0.40219.1
Project("{FAE04EC0-301F-11D3-BF4B-00C04F79EFBC}") = "ConsoleApp1", "ConsoleApp1\ConsoleApp1.csproj", "{64B33AB9-1B21-4D33-99EA-DE488253BCBC}"
EndProject
Global
	GlobalSection(SolutionConfigurationPlatforms) = preSolution
		Debug|Any CPU = Debug|Any CPU
		Release|Any CPU = Release|Any CPU
	EndGlobalSection
	GlobalSection(ProjectConfigurationPlatforms) = postSolution
		{64B33AB9-1B21-4D33-99EA-DE488253BCBC}.Debug|Any CPU.ActiveCfg = Debug|Any CPU
		{64B33AB9-1B21-4D33-99EA-DE488253BCBC}.Debug|Any CPU.Build.0 = Debug|Any CPU
		{64B33AB9-1B21-4D33-99EA-DE488253BCBC}.Release|Any CPU.ActiveCfg = Release|Any CPU
		{64B33AB9-1B21-4D33-99EA-DE488253BCBC}.Release|Any CPU.Build.0 = Release|Any CPU
	EndGlobalSection
	GlobalSection(SolutionProperties) = preSolution
		HideSolutionNode = FALSE
	EndGlobalSection
	GlobalSection(ExtensibilityGlobals) = postSolution
		SolutionGuid = {F8B1115B-EE81-4B11-84D2-F925BFA6F078}
	EndGlobalSection
EndGlobal
